
Microsoft Visual Studio Solution File, Format Version 12.00
Project("{FAE04EC0-301F-11D3-BF4B-00C04F79EFBC}") = "MauiShell", "MauiShell\MauiShell.csproj", "{9A19142A-0CE0-412A-80A3-759AE6388D1C}"
EndProject
Global
	GlobalSection(SolutionConfigurationPlatforms) = preSolution
		Debug|Any CPU = Debug|Any CPU
		Release|Any CPU = Release|Any CPU
	EndGlobalSection
	GlobalSection(ProjectConfigurationPlatforms) = postSolution
		{9A19142A-0CE0-412A-80A3-759AE6388D1C}.Debug|Any CPU.ActiveCfg = Debug|Any CPU
		{9A19142A-0CE0-412A-80A3-759AE6388D1C}.Debug|Any CPU.Build.0 = Debug|Any CPU
		{9A19142A-0CE0-412A-80A3-759AE6388D1C}.Release|Any CPU.ActiveCfg = Release|Any CPU
		{9A19142A-0CE0-412A-80A3-759AE6388D1C}.Release|Any CPU.Build.0 = Release|Any CPU
	EndGlobalSection
EndGlobal
